
Microsoft Visual Studio Solution File, Format Version 12.00
# Visual Studio Version 17
VisualStudioVersion = 17.14.36518.9 d17.14
MinimumVisualStudioVersion = 10.0.40219.1
Project("{FAE04EC0-301F-11D3-BF4B-00C04F79EFBC}") = "venhaparaoleds", "venhaparaoleds\venhaparaoleds.csproj", "{6ABFE75E-AFE3-4F4E-844B-172C72416694}"
EndProject
Global
	GlobalSection(SolutionConfigurationPlatforms) = preSolution
		Debug|Any CPU = Debug|Any CPU
		Release|Any CPU = Release|Any CPU
	EndGlobalSection
	GlobalSection(ProjectConfigurationPlatforms) = postSolution
		{6ABFE75E-AFE3-4F4E-844B-172C72416694}.Debug|Any CPU.ActiveCfg = Debug|Any CPU
		{6ABFE75E-AFE3-4F4E-844B-172C72416694}.Debug|Any CPU.Build.0 = Debug|Any CPU
		{6ABFE75E-AFE3-4F4E-844B-172C72416694}.Release|Any CPU.ActiveCfg = Release|Any CPU
		{6ABFE75E-AFE3-4F4E-844B-172C72416694}.Release|Any CPU.Build.0 = Release|Any CPU
	EndGlobalSection
	GlobalSection(SolutionProperties) = preSolution
		HideSolutionNode = FALSE
	EndGlobalSection
	GlobalSection(ExtensibilityGlobals) = postSolution
		SolutionGuid = {9B23A66A-A067-4DD2-B1F3-AF91EEC41663}
	EndGlobalSection
EndGlobal
